{
  "name": "us-js",
  "version": "1.0.0",
  "lockfileVersion": 1,
  "requires": true,
  "dependencies": {
    "mobius1-selectr": {
      "version": "2.4.8",
      "resolved": "https://registry.npmjs.org/mobius1-selectr/-/mobius1-selectr-2.4.8.tgz",
      "integrity": "sha512-KOVQNhNa1+pLzi4cbuFig9rBoEvmP9bDTUvxcNzkE4cxWo6KVmLAH7vjJIRNIvrSRHg+gBRs5hvkTOdHQxX8tg==",
      "dev": true
    }
  }
}
